
Microsoft Visual Studio Solution File, Format Version 12.00
# Visual Studio Version 17
VisualStudioVersion = 17.14.36127.28 d17.14
MinimumVisualStudioVersion = 10.0.40219.1
Project("{FAE04EC0-301F-11D3-BF4B-00C04F79EFBC}") = "TaroProject", "TaroProject\TaroProject.csproj", "{761A0423-BAB4-4A56-8FC7-A59CFB6C0028}"
EndProject
Global
	GlobalSection(SolutionConfigurationPlatforms) = preSolution
		Debug|Any CPU = Debug|Any CPU
		Release|Any CPU = Release|Any CPU
	EndGlobalSection
	GlobalSection(ProjectConfigurationPlatforms) = postSolution
		{761A0423-BAB4-4A56-8FC7-A59CFB6C0028}.Debug|Any CPU.ActiveCfg = Debug|Any CPU
		{761A0423-BAB4-4A56-8FC7-A59CFB6C0028}.Debug|Any CPU.Build.0 = Debug|Any CPU
		{761A0423-BAB4-4A56-8FC7-A59CFB6C0028}.Release|Any CPU.ActiveCfg = Release|Any CPU
		{761A0423-BAB4-4A56-8FC7-A59CFB6C0028}.Release|Any CPU.Build.0 = Release|Any CPU
	EndGlobalSection
	GlobalSection(SolutionProperties) = preSolution
		HideSolutionNode = FALSE
	EndGlobalSection
	GlobalSection(ExtensibilityGlobals) = postSolution
		SolutionGuid = {D4F20706-4AA4-4096-A1EA-5FF370E66A8B}
	EndGlobalSection
EndGlobal
